
Microsoft Visual Studio Solution File, Format Version 12.00
# Visual Studio 15
VisualStudioVersion = 15.0.28307.489
MinimumVisualStudioVersion = 10.0.40219.1
Project("{FAE04EC0-301F-11D3-BF4B-00C04F79EFBC}") = "AmounCRM4", "AmounCRM4\AmounCRM4.csproj", "{290B2B35-83F9-431B-BFC3-E82DBC7A6E12}"
EndProject
Project("{FAE04EC0-301F-11D3-BF4B-00C04F79EFBC}") = "ReportLibrary1", "ReportLibrary1\ReportLibrary1.csproj", "{B52D0908-6A5F-406D-9C34-DA0A90EFA90A}"
EndProject
Global
	GlobalSection(SolutionConfigurationPlatforms) = preSolution
		Debug|Any CPU = Debug|Any CPU
		Release|Any CPU = Release|Any CPU
	EndGlobalSection
	GlobalSection(ProjectConfigurationPlatforms) = postSolution
		{290B2B35-83F9-431B-BFC3-E82DBC7A6E12}.Debug|Any CPU.ActiveCfg = Debug|Any CPU
		{290B2B35-83F9-431B-BFC3-E82DBC7A6E12}.Debug|Any CPU.Build.0 = Debug|Any CPU
		{290B2B35-83F9-431B-BFC3-E82DBC7A6E12}.Release|Any CPU.ActiveCfg = Release|Any CPU
		{290B2B35-83F9-431B-BFC3-E82DBC7A6E12}.Release|Any CPU.Build.0 = Release|Any CPU
		{B52D0908-6A5F-406D-9C34-DA0A90EFA90A}.Debug|Any CPU.ActiveCfg = Debug|Any CPU
		{B52D0908-6A5F-406D-9C34-DA0A90EFA90A}.Debug|Any CPU.Build.0 = Debug|Any CPU
		{B52D0908-6A5F-406D-9C34-DA0A90EFA90A}.Release|Any CPU.ActiveCfg = Release|Any CPU
		{B52D0908-6A5F-406D-9C34-DA0A90EFA90A}.Release|Any CPU.Build.0 = Release|Any CPU
	EndGlobalSection
	GlobalSection(SolutionProperties) = preSolution
		HideSolutionNode = FALSE
	EndGlobalSection
	GlobalSection(ExtensibilityGlobals) = postSolution
		SolutionGuid = {131B392E-EDB0-48FF-90CD-53E2E29E4487}
	EndGlobalSection
EndGlobal
